
Microsoft Visual Studio Solution File, Format Version 12.00
# Visual Studio 15
VisualStudioVersion = 15.0.27130.2027
MinimumVisualStudioVersion = 10.0.40219.1
Project("{FAE04EC0-301F-11D3-BF4B-00C04F79EFBC}") = "LogitechGMineSweeper", "LogitechGMineSweeper\LogitechGMineSweeper.csproj", "{15BFD4CF-4596-4836-A02B-EC645A9A794A}"
EndProject
Project("{54435603-DBB4-11D2-8724-00A0C9A8B90C}") = "LogitechG MineSweeper", "Setup1\Setup1.vdproj", "{AF6153C7-1D6D-4EEE-9F1B-75196855C749}"
EndProject
Global
	GlobalSection(SolutionConfigurationPlatforms) = preSolution
		Debug|Any CPU = Debug|Any CPU
		Debug|x64 = Debug|x64
		Release|Any CPU = Release|Any CPU
		Release|x64 = Release|x64
	EndGlobalSection
	GlobalSection(ProjectConfigurationPlatforms) = postSolution
		{15BFD4CF-4596-4836-A02B-EC645A9A794A}.Debug|Any CPU.ActiveCfg = Debug|Any CPU
		{15BFD4CF-4596-4836-A02B-EC645A9A794A}.Debug|Any CPU.Build.0 = Debug|Any CPU
		{15BFD4CF-4596-4836-A02B-EC645A9A794A}.Debug|x64.ActiveCfg = Debug|x64
		{15BFD4CF-4596-4836-A02B-EC645A9A794A}.Debug|x64.Build.0 = Debug|x64
		{15BFD4CF-4596-4836-A02B-EC645A9A794A}.Release|Any CPU.ActiveCfg = Release|Any CPU
		{15BFD4CF-4596-4836-A02B-EC645A9A794A}.Release|Any CPU.Build.0 = Release|Any CPU
		{15BFD4CF-4596-4836-A02B-EC645A9A794A}.Release|x64.ActiveCfg = Release|x64
		{15BFD4CF-4596-4836-A02B-EC645A9A794A}.Release|x64.Build.0 = Release|x64
		{AF6153C7-1D6D-4EEE-9F1B-75196855C749}.Debug|Any CPU.ActiveCfg = Debug
		{AF6153C7-1D6D-4EEE-9F1B-75196855C749}.Debug|x64.ActiveCfg = Debug
		{AF6153C7-1D6D-4EEE-9F1B-75196855C749}.Release|Any CPU.ActiveCfg = Release
		{AF6153C7-1D6D-4EEE-9F1B-75196855C749}.Release|x64.ActiveCfg = Release
	EndGlobalSection
	GlobalSection(SolutionProperties) = preSolution
		HideSolutionNode = FALSE
	EndGlobalSection
	GlobalSection(ExtensibilityGlobals) = postSolution
		SolutionGuid = {49C95C9E-5C5B-4666-AC87-AE997168EEB8}
	EndGlobalSection
EndGlobal
